lockfileVersion: '9.0'

settings:
  autoInstallPeers: true
  excludeLinksFromLockfile: false

importers:

  .:
    dependencies:
      '@openzeppelin/contracts':
        specifier: ^5.0.0
        version: 5.4.0
      lodash:
        specifier: ^4.17.21
        version: 4.17.21
    devDependencies:
      '@types/lodash':
        specifier: ^4.17.13
        version: 4.17.23

packages:

  '@openzeppelin/contracts@5.4.0':
    resolution: {integrity: sha512-eCYgWnLg6WO+X52I16TZt8uEjbtdkgLC0SUX/xnAksjjrQI4Xfn4iBRoI5j55dmlOhDv1Y7BoR3cU7e3WWhC6A==}

  '@types/lodash@4.17.23':
    resolution: {integrity: sha512-RDvF6wTulMPjrNdCoYRC8gNR880JNGT8uB+REUpC2Ns4pRqQJhGz90wh7rgdXDPpCczF3VGktDuFGVnz8zP7HA==}

  lodash@4.17.21:
    resolution: {integrity: sha512-v2kDEe57lecTulaDIuNTPy3Ry4gLGJ6Z1O3vE1krgXZNrsQ+LFTGHVxVjcXPs17LhbZVGedAJv8XZ1tvj5FvSg==}

snapshots:

  '@openzeppelin/contracts@5.4.0': {}

  '@types/lodash@4.17.23': {}

  lodash@4.17.21: {}
